// !$*UTF8*$!
{
	archiveVersion = 1;
	classes = {
	};
	objectVersion = 56;
	objects = {

/* Begin PBXBuildFile section */
		5719E7DD2D77E76500C3D9B8 /* CodeNetwork.swift in Sources */ = {isa = PBXBuildFile; fileRef = 5719E7DC2D77E75900C3D9B8 /* CodeNetwork.swift */; };
		5719E7DF2D77E77D00C3D9B8 /* Code.swift in Sources */ = {isa = PBXBuildFile; fileRef = 5719E7DE2D77E77A00C3D9B8 /* Code.swift */; };
		5719E7E22D77F17800C3D9B8 /* TokenManager.swift in Sources */ = {isa = PBXBuildFile; fileRef = 5719E7E12D77F16A00C3D9B8 /* TokenManager.swift */; };
		5719E7E42D77F19700C3D9B8 /* AuthManager.swift in Sources */ = {isa = PBXBuildFile; fileRef = 5719E7E32D77F18C00C3D9B8 /* AuthManager.swift */; };
		5719E7E62D77F59400C3D9B8 /* LoginNetwork.swift in Sources */ = {isa = PBXBuildFile; fileRef = 5719E7E52D77F58800C3D9B8 /* LoginNetwork.swift */; };
		5719E7E82D77F95E00C3D9B8 /* LogOutManager.swift in Sources */ = {isa = PBXBuildFile; fileRef = 5719E7E72D77F94500C3D9B8 /* LogOutManager.swift */; };
		5719E7EA2D78179B00C3D9B8 /* NetworkConstants.swift in Sources */ = {isa = PBXBuildFile; fileRef = 5719E7E92D78179B00C3D9B8 /* NetworkConstants.swift */; };
		5719E7EE2D7988B300C3D9B8 /* KeychainManager.swift in Sources */ = {isa = PBXBuildFile; fileRef = 5719E7ED2D7988B300C3D9B8 /* KeychainManager.swift */; };
		571F881C2D759F8000188226 /* BlackHanSans-Regular.ttf in Resources */ = {isa = PBXBuildFile; fileRef = 571F881B2D759F8000188226 /* BlackHanSans-Regular.ttf */; };
		571F881E2D759FC000188226 /* Extension+Font.swift in Sources */ = {isa = PBXBuildFile; fileRef = 571F881D2D759FC000188226 /* Extension+Font.swift */; };
		571F88222D75B6ED00188226 /* MyTabViewController.swift in Sources */ = {isa = PBXBuildFile; fileRef = 571F88212D75B6ED00188226 /* MyTabViewController.swift */; };
		571F88272D773C8A00188226 /* TILNetwork.swift in Sources */ = {isa = PBXBuildFile; fileRef = 571F88262D773C8A00188226 /* TILNetwork.swift */; };
		571F88292D773DBD00188226 /* TIL.swift in Sources */ = {isa = PBXBuildFile; fileRef = 571F88282D773DB300188226 /* TIL.swift */; };
		5729F6CD2CDB095400FB9ADC /* MyPageViewModel.swift in Sources */ = {isa = PBXBuildFile; fileRef = 5729F6CC2CDB095400FB9ADC /* MyPageViewModel.swift */; };
		5729F6CF2CDB096000FB9ADC /* Member.swift in Sources */ = {isa = PBXBuildFile; fileRef = 5729F6CE2CDB096000FB9ADC /* Member.swift */; };
		5729F6D42CDB91E500FB9ADC /* AccountViewController.swift in Sources */ = {isa = PBXBuildFile; fileRef = 5729F6D32CDB91E500FB9ADC /* AccountViewController.swift */; };
		5729F6D62CDB91FC00FB9ADC /* DisplaySettingsViewController.swift in Sources */ = {isa = PBXBuildFile; fileRef = 5729F6D52CDB91FC00FB9ADC /* DisplaySettingsViewController.swift */; };
		5729F6D82CDB921C00FB9ADC /* NotificationsViewController.swift in Sources */ = {isa = PBXBuildFile; fileRef = 5729F6D72CDB921C00FB9ADC /* NotificationsViewController.swift */; };
		5729F6DA2CDC5DE500FB9ADC /* LoginViewModel.swift in Sources */ = {isa = PBXBuildFile; fileRef = 5729F6D92CDC5DE500FB9ADC /* LoginViewModel.swift */; };
		5760BEFE2CB8E67300A94068 /* NaverThirdPartyLogin in Frameworks */ = {isa = PBXBuildFile; productRef = 5760BEFD2CB8E67300A94068 /* NaverThirdPartyLogin */; };
		5760BF022CBD087500A94068 /* KeychainSwift in Frameworks */ = {isa = PBXBuildFile; productRef = 5760BF012CBD087500A94068 /* KeychainSwift */; };
		57C35C692CCA228D0083A346 /* TILListViewModel.swift in Sources */ = {isa = PBXBuildFile; fileRef = 57C35C682CCA228D0083A346 /* TILListViewModel.swift */; };
		57C35C6E2CCA69E40083A346 /* CodeListViewModel.swift in Sources */ = {isa = PBXBuildFile; fileRef = 57C35C6D2CCA69E40083A346 /* CodeListViewModel.swift */; };
		57DC2C5E2D617F2300DAE832 /* NotifyViewModel.swift in Sources */ = {isa = PBXBuildFile; fileRef = 57DC2C5D2D617F0C00DAE832 /* NotifyViewModel.swift */; };
		57E867DF2D6C9D5900D87D8E /* MainNavigationBar.swift in Sources */ = {isa = PBXBuildFile; fileRef = 57E867DE2D6C9D4E00D87D8E /* MainNavigationBar.swift */; };
		57EB9DEE2CAFADE60036E5D8 /* AppDelegate.swift in Sources */ = {isa = PBXBuildFile; fileRef = 57EB9DED2CAFADE60036E5D8 /* AppDelegate.swift */; };
		57EB9DF02CAFADE60036E5D8 /* SceneDelegate.swift in Sources */ = {isa = PBXBuildFile; fileRef = 57EB9DEF2CAFADE60036E5D8 /* SceneDelegate.swift */; };
		57EB9DF72CAFADE80036E5D8 /* Assets.xcassets in Resources */ = {isa = PBXBuildFile; fileRef = 57EB9DF62CAFADE80036E5D8 /* Assets.xcassets */; };
		57EB9DFA2CAFADE80036E5D8 /* Base in Resources */ = {isa = PBXBuildFile; fileRef = 57EB9DF92CAFADE80036E5D8 /* Base */; };
		57EB9E082CAFC50A0036E5D8 /* TabViewController.swift in Sources */ = {isa = PBXBuildFile; fileRef = 57EB9E072CAFC50A0036E5D8 /* TabViewController.swift */; };
		57EB9E0A2CB15D9B0036E5D8 /* TILListViewController.swift in Sources */ = {isa = PBXBuildFile; fileRef = 57EB9E092CB15D9B0036E5D8 /* TILListViewController.swift */; };
		57EB9E0C2CB15DAB0036E5D8 /* CodeListViewController.swift in Sources */ = {isa = PBXBuildFile; fileRef = 57EB9E0B2CB15DAB0036E5D8 /* CodeListViewController.swift */; };
		57EB9E0E2CB15DB70036E5D8 /* MainViewController.swift in Sources */ = {isa = PBXBuildFile; fileRef = 57EB9E0D2CB15DB70036E5D8 /* MainViewController.swift */; };
		57EB9E102CB164170036E5D8 /* SettingViewController.swift in Sources */ = {isa = PBXBuildFile; fileRef = 57EB9E0F2CB164170036E5D8 /* SettingViewController.swift */; };
		57EB9E122CB164480036E5D8 /* MyPageViewController.swift in Sources */ = {isa = PBXBuildFile; fileRef = 57EB9E112CB164480036E5D8 /* MyPageViewController.swift */; };
		57EB9E182CB527960036E5D8 /* KakaoSDK in Frameworks */ = {isa = PBXBuildFile; productRef = 57EB9E172CB527960036E5D8 /* KakaoSDK */; };
		57EB9E1A2CB527960036E5D8 /* KakaoSDKAuth in Frameworks */ = {isa = PBXBuildFile; productRef = 57EB9E192CB527960036E5D8 /* KakaoSDKAuth */; };
		57EB9E1C2CB527960036E5D8 /* KakaoSDKFriend in Frameworks */ = {isa = PBXBuildFile; productRef = 57EB9E1B2CB527960036E5D8 /* KakaoSDKFriend */; };
		57EB9E1E2CB527960036E5D8 /* KakaoSDKFriendCore in Frameworks */ = {isa = PBXBuildFile; productRef = 57EB9E1D2CB527960036E5D8 /* KakaoSDKFriendCore */; };
		57EB9E202CB527960036E5D8 /* KakaoSDKUser in Frameworks */ = {isa = PBXBuildFile; productRef = 57EB9E1F2CB527960036E5D8 /* KakaoSDKUser */; };
		57EB9E222CB528230036E5D8 /* LoginViewController.swift in Sources */ = {isa = PBXBuildFile; fileRef = 57EB9E212CB528230036E5D8 /* LoginViewController.swift */; };
		57EB9E292CB782D50036E5D8 /* GoogleSignIn in Frameworks */ = {isa = PBXBuildFile; productRef = 57EB9E282CB782D50036E5D8 /* GoogleSignIn */; };
		57EB9E2B2CB782D50036E5D8 /* GoogleSignInSwift in Frameworks */ = {isa = PBXBuildFile; productRef = 57EB9E2A2CB782D50036E5D8 /* GoogleSignInSwift */; };
/* End PBXBuildFile section */

/* Begin PBXFileReference section */
		5719E7DB2D77D98C00C3D9B8 /* Secrets.xcconfig */ = {isa = PBXFileReference; lastKnownFileType = text.xcconfig; path = Secrets.xcconfig; sourceTree = "<group>"; };
		5719E7DC2D77E75900C3D9B8 /* CodeNetwork.swift */ = {isa = PBXFileReference; lastKnownFileType = sourcecode.swift; path = CodeNetwork.swift; sourceTree = "<group>"; };
		5719E7DE2D77E77A00C3D9B8 /* Code.swift */ = {isa = PBXFileReference; lastKnownFileType = sourcecode.swift; path = Code.swift; sourceTree = "<group>"; };
		5719E7E12D77F16A00C3D9B8 /* TokenManager.swift */ = {isa = PBXFileReference; lastKnownFileType = sourcecode.swift; path = TokenManager.swift; sourceTree = "<group>"; };
		5719E7E32D77F18C00C3D9B8 /* AuthManager.swift */ = {isa = PBXFileReference; lastKnownFileType = sourcecode.swift; path = AuthManager.swift; sourceTree = "<group>"; };
		5719E7E52D77F58800C3D9B8 /* LoginNetwork.swift */ = {isa = PBXFileReference; lastKnownFileType = sourcecode.swift; path = LoginNetwork.swift; sourceTree = "<group>"; };
		5719E7E72D77F94500C3D9B8 /* LogOutManager.swift */ = {isa = PBXFileReference; lastKnownFileType = sourcecode.swift; path = LogOutManager.swift; sourceTree = "<group>"; };
		5719E7E92D78179B00C3D9B8 /* NetworkConstants.swift */ = {isa = PBXFileReference; lastKnownFileType = sourcecode.swift; path = NetworkConstants.swift; sourceTree = "<group>"; };
		5719E7ED2D7988B300C3D9B8 /* KeychainManager.swift */ = {isa = PBXFileReference; lastKnownFileType = sourcecode.swift; path = KeychainManager.swift; sourceTree = "<group>"; };
		571F881B2D759F8000188226 /* BlackHanSans-Regular.ttf */ = {isa = PBXFileReference; lastKnownFileType = file; path = "BlackHanSans-Regular.ttf"; sourceTree = "<group>"; };
		571F881D2D759FC000188226 /* Extension+Font.swift */ = {isa = PBXFileReference; lastKnownFileType = sourcecode.swift; path = "Extension+Font.swift"; sourceTree = "<group>"; };
		571F88212D75B6ED00188226 /* MyTabViewController.swift */ = {isa = PBXFileReference; lastKnownFileType = sourcecode.swift; path = MyTabViewController.swift; sourceTree = "<group>"; };
		571F88262D773C8A00188226 /* TILNetwork.swift */ = {isa = PBXFileReference; lastKnownFileType = sourcecode.swift; path = TILNetwork.swift; sourceTree = "<group>"; };
		571F88282D773DB300188226 /* TIL.swift */ = {isa = PBXFileReference; lastKnownFileType = sourcecode.swift; path = TIL.swift; sourceTree = "<group>"; };
		5729F6CC2CDB095400FB9ADC /* MyPageViewModel.swift */ = {isa = PBXFileReference; lastKnownFileType = sourcecode.swift; path = MyPageViewModel.swift; sourceTree = "<group>"; };
		5729F6CE2CDB096000FB9ADC /* Member.swift */ = {isa = PBXFileReference; lastKnownFileType = sourcecode.swift; path = Member.swift; sourceTree = "<group>"; };
		5729F6D32CDB91E500FB9ADC /* AccountViewController.swift */ = {isa = PBXFileReference; lastKnownFileType = sourcecode.swift; path = AccountViewController.swift; sourceTree = "<group>"; };
		5729F6D52CDB91FC00FB9ADC /* DisplaySettingsViewController.swift */ = {isa = PBXFileReference; lastKnownFileType = sourcecode.swift; path = DisplaySettingsViewController.swift; sourceTree = "<group>"; };
		5729F6D72CDB921C00FB9ADC /* NotificationsViewController.swift */ = {isa = PBXFileReference; lastKnownFileType = sourcecode.swift; path = NotificationsViewController.swift; sourceTree = "<group>"; };
		5729F6D92CDC5DE500FB9ADC /* LoginViewModel.swift */ = {isa = PBXFileReference; lastKnownFileType = sourcecode.swift; path = LoginViewModel.swift; sourceTree = "<group>"; };
		57C35C682CCA228D0083A346 /* TILListViewModel.swift */ = {isa = PBXFileReference; lastKnownFileType = sourcecode.swift; path = TILListViewModel.swift; sourceTree = "<group>"; };
		57C35C6D2CCA69E40083A346 /* CodeListViewModel.swift */ = {isa = PBXFileReference; lastKnownFileType = sourcecode.swift; path = CodeListViewModel.swift; sourceTree = "<group>"; };
		57DC2C5D2D617F0C00DAE832 /* NotifyViewModel.swift */ = {isa = PBXFileReference; lastKnownFileType = sourcecode.swift; path = NotifyViewModel.swift; sourceTree = "<group>"; };
		57E867DE2D6C9D4E00D87D8E /* MainNavigationBar.swift */ = {isa = PBXFileReference; lastKnownFileType = sourcecode.swift; path = MainNavigationBar.swift; sourceTree = "<group>"; };
		57EB9DEA2CAFADE60036E5D8 /* ORI.app */ = {isa = PBXFileReference; explicitFileType = wrapper.application; includeInIndex = 0; path = ORI.app; sourceTree = BUILT_PRODUCTS_DIR; };
		57EB9DED2CAFADE60036E5D8 /* AppDelegate.swift */ = {isa = PBXFileReference; lastKnownFileType = sourcecode.swift; path = AppDelegate.swift; sourceTree = "<group>"; };
		57EB9DEF2CAFADE60036E5D8 /* SceneDelegate.swift */ = {isa = PBXFileReference; lastKnownFileType = sourcecode.swift; path = SceneDelegate.swift; sourceTree = "<group>"; };
		57EB9DF62CAFADE80036E5D8 /* Assets.xcassets */ = {isa = PBXFileReference; lastKnownFileType = folder.assetcatalog; path = Assets.xcassets; sourceTree = "<group>"; };
		57EB9DF92CAFADE80036E5D8 /* Base */ = {isa = PBXFileReference; lastKnownFileType = file.storyboard; name = Base; path = Base.lproj/LaunchScreen.storyboard; sourceTree = "<group>"; };
		57EB9DFB2CAFADE80036E5D8 /* Info.plist */ = {isa = PBXFileReference; lastKnownFileType = text.plist.xml; path = Info.plist; sourceTree = "<group>"; };
		57EB9E072CAFC50A0036E5D8 /* TabViewController.swift */ = {isa = PBXFileReference; lastKnownFileType = sourcecode.swift; path = TabViewController.swift; sourceTree = "<group>"; };
		57EB9E092CB15D9B0036E5D8 /* TILListViewController.swift */ = {isa = PBXFileReference; lastKnownFileType = sourcecode.swift; path = TILListViewController.swift; sourceTree = "<group>"; };
		57EB9E0B2CB15DAB0036E5D8 /* CodeListViewController.swift */ = {isa = PBXFileReference; lastKnownFileType = sourcecode.swift; path = CodeListViewController.swift; sourceTree = "<group>"; };
		57EB9E0D2CB15DB70036E5D8 /* MainViewController.swift */ = {isa = PBXFileReference; lastKnownFileType = sourcecode.swift; path = MainViewController.swift; sourceTree = "<group>"; };
		57EB9E0F2CB164170036E5D8 /* SettingViewController.swift */ = {isa = PBXFileReference; lastKnownFileType = sourcecode.swift; path = SettingViewController.swift; sourceTree = "<group>"; };
		57EB9E112CB164480036E5D8 /* MyPageViewController.swift */ = {isa = PBXFileReference; lastKnownFileType = sourcecode.swift; path = MyPageViewController.swift; sourceTree = "<group>"; };
		57EB9E212CB528230036E5D8 /* LoginViewController.swift */ = {isa = PBXFileReference; lastKnownFileType = sourcecode.swift; path = LoginViewController.swift; sourceTree = "<group>"; };
/* End PBXFileReference section */

/* Begin PBXFrameworksBuildPhase section */
		57EB9DE72CAFADE50036E5D8 /* Frameworks */ = {
			isa = PBXFrameworksBuildPhase;
			buildActionMask = 2147483647;
			files = (
				5760BF022CBD087500A94068 /* KeychainSwift in Frameworks */,
				57EB9E1E2CB527960036E5D8 /* KakaoSDKFriendCore in Frameworks */,
				57EB9E182CB527960036E5D8 /* KakaoSDK in Frameworks */,
				57EB9E2B2CB782D50036E5D8 /* GoogleSignInSwift in Frameworks */,
				57EB9E1A2CB527960036E5D8 /* KakaoSDKAuth in Frameworks */,
				5760BEFE2CB8E67300A94068 /* NaverThirdPartyLogin in Frameworks */,
				57EB9E202CB527960036E5D8 /* KakaoSDKUser in Frameworks */,
				57EB9E1C2CB527960036E5D8 /* KakaoSDKFriend in Frameworks */,
				57EB9E292CB782D50036E5D8 /* GoogleSignIn in Frameworks */,
			);
			runOnlyForDeploymentPostprocessing = 0;
		};
/* End PBXFrameworksBuildPhase section */

/* Begin PBXGroup section */
		5719E7E02D77F15400C3D9B8 /* Service */ = {
			isa = PBXGroup;
			children = (
				5719E7E72D77F94500C3D9B8 /* LogOutManager.swift */,
				5719E7E32D77F18C00C3D9B8 /* AuthManager.swift */,
				5719E7E12D77F16A00C3D9B8 /* TokenManager.swift */,
				5719E7ED2D7988B300C3D9B8 /* KeychainManager.swift */,
			);
			path = Service;
			sourceTree = "<group>";
		};
		571F881A2D759F7600188226 /* Font */ = {
			isa = PBXGroup;
			children = (
				571F88202D75A0BA00188226 /* File */,
				571F881D2D759FC000188226 /* Extension+Font.swift */,
			);
			path = Font;
			sourceTree = "<group>";
		};
		571F881F2D75A0A400188226 /* Utils */ = {
			isa = PBXGroup;
			children = (
				571F881A2D759F7600188226 /* Font */,
				571F88252D773C7500188226 /* Network */,
			);
			path = Utils;
			sourceTree = "<group>";
		};
		571F88202D75A0BA00188226 /* File */ = {
			isa = PBXGroup;
			children = (
				571F881B2D759F8000188226 /* BlackHanSans-Regular.ttf */,
			);
			path = File;
			sourceTree = "<group>";
		};
		571F88232D75B85700188226 /* MyPage */ = {
			isa = PBXGroup;
			children = (
				57EB9E0B2CB15DAB0036E5D8 /* CodeListViewController.swift */,
				57EB9E112CB164480036E5D8 /* MyPageViewController.swift */,
				571F88212D75B6ED00188226 /* MyTabViewController.swift */,
			);
			path = MyPage;
			sourceTree = "<group>";
		};
		571F88252D773C7500188226 /* Network */ = {
			isa = PBXGroup;
			children = (
				5719E7E52D77F58800C3D9B8 /* LoginNetwork.swift */,
				5719E7DC2D77E75900C3D9B8 /* CodeNetwork.swift */,
				571F88262D773C8A00188226 /* TILNetwork.swift */,
				5719E7E92D78179B00C3D9B8 /* NetworkConstants.swift */,
			);
			path = Network;
			sourceTree = "<group>";
		};
		5729F6D02CDB590500FB9ADC /* Setting */ = {
			isa = PBXGroup;
			children = (
				5729F6D32CDB91E500FB9ADC /* AccountViewController.swift */,
				5729F6D52CDB91FC00FB9ADC /* DisplaySettingsViewController.swift */,
				5729F6D72CDB921C00FB9ADC /* NotificationsViewController.swift */,
			);
			path = Setting;
			sourceTree = "<group>";
		};
		5729F6D12CDB590F00FB9ADC /* Main */ = {
			isa = PBXGroup;
			children = (
				571F88232D75B85700188226 /* MyPage */,
				57EB9E092CB15D9B0036E5D8 /* TILListViewController.swift */,
				57EB9E0D2CB15DB70036E5D8 /* MainViewController.swift */,
				57EB9E0F2CB164170036E5D8 /* SettingViewController.swift */,
			);
			path = Main;
			sourceTree = "<group>";
		};
		5729F6D22CDB591700FB9ADC /* Components */ = {
			isa = PBXGroup;
			children = (
				57E867DE2D6C9D4E00D87D8E /* MainNavigationBar.swift */,
				57EB9E072CAFC50A0036E5D8 /* TabViewController.swift */,
			);
			path = Components;
			sourceTree = "<group>";
		};
		57C35C6A2CCA23240083A346 /* Model */ = {
			isa = PBXGroup;
			children = (
				5719E7DE2D77E77A00C3D9B8 /* Code.swift */,
				571F88282D773DB300188226 /* TIL.swift */,
				5729F6CE2CDB096000FB9ADC /* Member.swift */,
			);
			path = Model;
			sourceTree = "<group>";
		};
		57EB9DE12CAFADE50036E5D8 = {
			isa = PBXGroup;
			children = (
				5719E7DB2D77D98C00C3D9B8 /* Secrets.xcconfig */,
				57EB9DEC2CAFADE60036E5D8 /* ORI */,
				57EB9DEB2CAFADE60036E5D8 /* Products */,
			);
			sourceTree = "<group>";
		};
		57EB9DEB2CAFADE60036E5D8 /* Products */ = {
			isa = PBXGroup;
			children = (
				57EB9DEA2CAFADE60036E5D8 /* ORI.app */,
			);
			name = Products;
			sourceTree = "<group>";
		};
		57EB9DEC2CAFADE60036E5D8 /* ORI */ = {
			isa = PBXGroup;
			children = (
				57EB9E052CAFB5D30036E5D8 /* App */,
				5719E7E02D77F15400C3D9B8 /* Service */,
				57C35C6A2CCA23240083A346 /* Model */,
				57EB9E042CAFB5810036E5D8 /* ViewModel */,
				57EB9E012CAFB54A0036E5D8 /* View */,
				571F881F2D75A0A400188226 /* Utils */,
				57EB9DF62CAFADE80036E5D8 /* Assets.xcassets */,
				57EB9DF82CAFADE80036E5D8 /* LaunchScreen.storyboard */,
				57EB9DFB2CAFADE80036E5D8 /* Info.plist */,
			);
			path = ORI;
			sourceTree = "<group>";
		};
		57EB9E012CAFB54A0036E5D8 /* View */ = {
			isa = PBXGroup;
			children = (
				57EB9E212CB528230036E5D8 /* LoginViewController.swift */,
				5729F6D22CDB591700FB9ADC /* Components */,
				5729F6D12CDB590F00FB9ADC /* Main */,
				5729F6D02CDB590500FB9ADC /* Setting */,
			);
			path = View;
			sourceTree = "<group>";
		};
		57EB9E042CAFB5810036E5D8 /* ViewModel */ = {
			isa = PBXGroup;
			children = (
				57DC2C5D2D617F0C00DAE832 /* NotifyViewModel.swift */,
				5729F6D92CDC5DE500FB9ADC /* LoginViewModel.swift */,
				57C35C682CCA228D0083A346 /* TILListViewModel.swift */,
				57C35C6D2CCA69E40083A346 /* CodeListViewModel.swift */,
				5729F6CC2CDB095400FB9ADC /* MyPageViewModel.swift */,
			);
			path = ViewModel;
			sourceTree = "<group>";
		};
		57EB9E052CAFB5D30036E5D8 /* App */ = {
			isa = PBXGroup;
			children = (
				57EB9DED2CAFADE60036E5D8 /* AppDelegate.swift */,
				57EB9DEF2CAFADE60036E5D8 /* SceneDelegate.swift */,
			);
			path = App;
			sourceTree = "<group>";
		};
/* End PBXGroup section */

/* Begin PBXNativeTarget section */
		57EB9DE92CAFADE50036E5D8 /* ORI */ = {
			isa = PBXNativeTarget;
			buildConfigurationList = 57EB9DFE2CAFADE80036E5D8 /* Build configuration list for PBXNativeTarget "ORI" */;
			buildPhases = (
				57EB9DE62CAFADE50036E5D8 /* Sources */,
				57EB9DE72CAFADE50036E5D8 /* Frameworks */,
				57EB9DE82CAFADE50036E5D8 /* Resources */,
			);
			buildRules = (
			);
			dependencies = (
			);
			name = ORI;
			packageProductDependencies = (
				57EB9E172CB527960036E5D8 /* KakaoSDK */,
				57EB9E192CB527960036E5D8 /* KakaoSDKAuth */,
				57EB9E1B2CB527960036E5D8 /* KakaoSDKFriend */,
				57EB9E1D2CB527960036E5D8 /* KakaoSDKFriendCore */,
				57EB9E1F2CB527960036E5D8 /* KakaoSDKUser */,
				57EB9E282CB782D50036E5D8 /* GoogleSignIn */,
				57EB9E2A2CB782D50036E5D8 /* GoogleSignInSwift */,
				5760BEFD2CB8E67300A94068 /* NaverThirdPartyLogin */,
				5760BF012CBD087500A94068 /* KeychainSwift */,
			);
			productName = ORI;
			productReference = 57EB9DEA2CAFADE60036E5D8 /* ORI.app */;
			productType = "com.apple.product-type.application";
		};
/* End PBXNativeTarget section */

/* Begin PBXProject section */
		57EB9DE22CAFADE50036E5D8 /* Project object */ = {
			isa = PBXProject;
			attributes = {
				BuildIndependentTargetsInParallel = 1;
				LastSwiftUpdateCheck = 1540;
				LastUpgradeCheck = 1540;
				TargetAttributes = {
					57EB9DE92CAFADE50036E5D8 = {
						CreatedOnToolsVersion = 15.4;
					};
				};
			};
			buildConfigurationList = 57EB9DE52CAFADE50036E5D8 /* Build configuration list for PBXProject "ORI" */;
			compatibilityVersion = "Xcode 14.0";
			developmentRegion = en;
			hasScannedForEncodings = 0;
			knownRegions = (
				en,
				Base,
			);
			mainGroup = 57EB9DE12CAFADE50036E5D8;
			packageReferences = (
				57EB9E162CB527960036E5D8 /* XCRemoteSwiftPackageReference "kakao-ios-sdk" */,
				57EB9E272CB782D50036E5D8 /* XCRemoteSwiftPackageReference "GoogleSignIn-iOS" */,
				5760BEFC2CB8E67300A94068 /* XCRemoteSwiftPackageReference "naveridlogin-sdk-ios" */,
				5760BF002CBD087500A94068 /* XCRemoteSwiftPackageReference "keychain-swift" */,
			);
			productRefGroup = 57EB9DEB2CAFADE60036E5D8 /* Products */;
			projectDirPath = "";
			projectRoot = "";
			targets = (
				57EB9DE92CAFADE50036E5D8 /* ORI */,
			);
		};
/* End PBXProject section */

/* Begin PBXResourcesBuildPhase section */
		57EB9DE82CAFADE50036E5D8 /* Resources */ = {
			isa = PBXResourcesBuildPhase;
			buildActionMask = 2147483647;
			files = (
				57EB9DF72CAFADE80036E5D8 /* Assets.xcassets in Resources */,
				57EB9DFA2CAFADE80036E5D8 /* Base in Resources */,
				571F881C2D759F8000188226 /* BlackHanSans-Regular.ttf in Resources */,
			);
			runOnlyForDeploymentPostprocessing = 0;
		};
/* End PBXResourcesBuildPhase section */

/* Begin PBXSourcesBuildPhase section */
		57EB9DE62CAFADE50036E5D8 /* Sources */ = {
			isa = PBXSourcesBuildPhase;
			buildActionMask = 2147483647;
			files = (
				5719E7E62D77F59400C3D9B8 /* LoginNetwork.swift in Sources */,
				57E867DF2D6C9D5900D87D8E /* MainNavigationBar.swift in Sources */,
				5719E7DF2D77E77D00C3D9B8 /* Code.swift in Sources */,
				571F881E2D759FC000188226 /* Extension+Font.swift in Sources */,
				57DC2C5E2D617F2300DAE832 /* NotifyViewModel.swift in Sources */,
				57EB9E0C2CB15DAB0036E5D8 /* CodeListViewController.swift in Sources */,
				57C35C692CCA228D0083A346 /* TILListViewModel.swift in Sources */,
				571F88272D773C8A00188226 /* TILNetwork.swift in Sources */,
				57EB9E0A2CB15D9B0036E5D8 /* TILListViewController.swift in Sources */,
				5729F6D62CDB91FC00FB9ADC /* DisplaySettingsViewController.swift in Sources */,
				5719E7E82D77F95E00C3D9B8 /* LogOutManager.swift in Sources */,
				57EB9E102CB164170036E5D8 /* SettingViewController.swift in Sources */,
				5719E7E42D77F19700C3D9B8 /* AuthManager.swift in Sources */,
				57C35C6E2CCA69E40083A346 /* CodeListViewModel.swift in Sources */,
				571F88292D773DBD00188226 /* TIL.swift in Sources */,
				571F88222D75B6ED00188226 /* MyTabViewController.swift in Sources */,
				5729F6CF2CDB096000FB9ADC /* Member.swift in Sources */,
				5729F6DA2CDC5DE500FB9ADC /* LoginViewModel.swift in Sources */,
				57EB9E082CAFC50A0036E5D8 /* TabViewController.swift in Sources */,
				5729F6D82CDB921C00FB9ADC /* NotificationsViewController.swift in Sources */,
				57EB9E0E2CB15DB70036E5D8 /* MainViewController.swift in Sources */,
				57EB9E122CB164480036E5D8 /* MyPageViewController.swift in Sources */,
				5719E7EE2D7988B300C3D9B8 /* KeychainManager.swift in Sources */,
				5719E7EA2D78179B00C3D9B8 /* NetworkConstants.swift in Sources */,
				57EB9DEE2CAFADE60036E5D8 /* AppDelegate.swift in Sources */,
				5729F6D42CDB91E500FB9ADC /* AccountViewController.swift in Sources */,
				5719E7E22D77F17800C3D9B8 /* TokenManager.swift in Sources */,
				5729F6CD2CDB095400FB9ADC /* MyPageViewModel.swift in Sources */,
				5719E7DD2D77E76500C3D9B8 /* CodeNetwork.swift in Sources */,
				57EB9E222CB528230036E5D8 /* LoginViewController.swift in Sources */,
				57EB9DF02CAFADE60036E5D8 /* SceneDelegate.swift in Sources */,
			);
			runOnlyForDeploymentPostprocessing = 0;
		};
/* End PBXSourcesBuildPhase section */

/* Begin PBXVariantGroup section */
		57EB9DF82CAFADE80036E5D8 /* LaunchScreen.storyboard */ = {
			isa = PBXVariantGroup;
			children = (
				57EB9DF92CAFADE80036E5D8 /* Base */,
			);
			name = LaunchScreen.storyboard;
			sourceTree = "<group>";
		};
/* End PBXVariantGroup section */

/* Begin XCBuildConfiguration section */
		57EB9DFC2CAFADE80036E5D8 /* Debug */ = {
			isa = XCBuildConfiguration;
			baseConfigurationReference = 5719E7DB2D77D98C00C3D9B8 /* Secrets.xcconfig */;
			buildSettings = {
				ALWAYS_SEARCH_USER_PATHS = NO;
				ASSETCATALOG_COMPILER_GENERATE_SWIFT_ASSET_SYMBOL_EXTENSIONS = YES;
				CLANG_ANALYZER_NONNULL = YES;
				CLANG_ANALYZER_NUMBER_OBJECT_CONVERSION = YES_AGGRESSIVE;
				CLANG_CXX_LANGUAGE_STANDARD = "gnu++20";
				CLANG_ENABLE_MODULES = YES;
				CLANG_ENABLE_OBJC_ARC = YES;
				CLANG_ENABLE_OBJC_WEAK = YES;
				CLANG_WARN_BLOCK_CAPTURE_AUTORELEASING = YES;
				CLANG_WARN_BOOL_CONVERSION = YES;
				CLANG_WARN_COMMA = YES;
				CLANG_WARN_CONSTANT_CONVERSION = YES;
				CLANG_WARN_DEPRECATED_OBJC_IMPLEMENTATIONS = YES;
				CLANG_WARN_DIRECT_OBJC_ISA_USAGE = YES_ERROR;
				CLANG_WARN_DOCUMENTATION_COMMENTS = YES;
				CLANG_WARN_EMPTY_BODY = YES;
				CLANG_WARN_ENUM_CONVERSION = YES;
				CLANG_WARN_INFINITE_RECURSION = YES;
				CLANG_WARN_INT_CONVERSION = YES;
				CLANG_WARN_NON_LITERAL_NULL_CONVERSION = YES;
				CLANG_WARN_OBJC_IMPLICIT_RETAIN_SELF = YES;
				CLANG_WARN_OBJC_LITERAL_CONVERSION = YES;
				CLANG_WARN_OBJC_ROOT_CLASS = YES_ERROR;
				CLANG_WARN_QUOTED_INCLUDE_IN_FRAMEWORK_HEADER = YES;
				CLANG_WARN_RANGE_LOOP_ANALYSIS = YES;
				CLANG_WARN_STRICT_PROTOTYPES = YES;
				CLANG_WARN_SUSPICIOUS_MOVE = YES;
				CLANG_WARN_UNGUARDED_AVAILABILITY = YES_AGGRESSIVE;
				CLANG_WARN_UNREACHABLE_CODE = YES;
				CLANG_WARN__DUPLICATE_METHOD_MATCH = YES;
				COPY_PHASE_STRIP = NO;
				DEBUG_INFORMATION_FORMAT = dwarf;
				ENABLE_STRICT_OBJC_MSGSEND = YES;
				ENABLE_TESTABILITY = YES;
				ENABLE_USER_SCRIPT_SANDBOXING = YES;
				GCC_C_LANGUAGE_STANDARD = gnu17;
				GCC_DYNAMIC_NO_PIC = NO;
				GCC_NO_COMMON_BLOCKS = YES;
				GCC_OPTIMIZATION_LEVEL = 0;
				GCC_PREPROCESSOR_DEFINITIONS = (
					"DEBUG=1",
					"$(inherited)",
				);
				GCC_WARN_64_TO_32_BIT_CONVERSION = YES;
				GCC_WARN_ABOUT_RETURN_TYPE = YES_ERROR;
				GCC_WARN_UNDECLARED_SELECTOR = YES;
				GCC_WARN_UNINITIALIZED_AUTOS = YES_AGGRESSIVE;
				GCC_WARN_UNUSED_FUNCTION = YES;
				GCC_WARN_UNUSED_VARIABLE = YES;
				IPHONEOS_DEPLOYMENT_TARGET = 17.5;
				LOCALIZATION_PREFERS_STRING_CATALOGS = YES;
				MTL_ENABLE_DEBUG_INFO = INCLUDE_SOURCE;
				MTL_FAST_MATH = YES;
				ONLY_ACTIVE_ARCH = YES;
				SDKROOT = iphoneos;
				SWIFT_ACTIVE_COMPILATION_CONDITIONS = "DEBUG $(inherited)";
				SWIFT_OPTIMIZATION_LEVEL = "-Onone";
			};
			name = Debug;
		};
		57EB9DFD2CAFADE80036E5D8 /* Release */ = {
			isa = XCBuildConfiguration;
			baseConfigurationReference = 5719E7DB2D77D98C00C3D9B8 /* Secrets.xcconfig */;
			buildSettings = {
				ALWAYS_SEARCH_USER_PATHS = NO;
				ASSETCATALOG_COMPILER_GENERATE_SWIFT_ASSET_SYMBOL_EXTENSIONS = YES;
				CLANG_ANALYZER_NONNULL = YES;
				CLANG_ANALYZER_NUMBER_OBJECT_CONVERSION = YES_AGGRESSIVE;
				CLANG_CXX_LANGUAGE_STANDARD = "gnu++20";
				CLANG_ENABLE_MODULES = YES;
				CLANG_ENABLE_OBJC_ARC = YES;
				CLANG_ENABLE_OBJC_WEAK = YES;
				CLANG_WARN_BLOCK_CAPTURE_AUTORELEASING = YES;
				CLANG_WARN_BOOL_CONVERSION = YES;
				CLANG_WARN_COMMA = YES;
				CLANG_WARN_CONSTANT_CONVERSION = YES;
				CLANG_WARN_DEPRECATED_OBJC_IMPLEMENTATIONS = YES;
				CLANG_WARN_DIRECT_OBJC_ISA_USAGE = YES_ERROR;
				CLANG_WARN_DOCUMENTATION_COMMENTS = YES;
				CLANG_WARN_EMPTY_BODY = YES;
				CLANG_WARN_ENUM_CONVERSION = YES;
				CLANG_WARN_INFINITE_RECURSION = YES;
				CLANG_WARN_INT_CONVERSION = YES;
				CLANG_WARN_NON_LITERAL_NULL_CONVERSION = YES;
				CLANG_WARN_OBJC_IMPLICIT_RETAIN_SELF = YES;
				CLANG_WARN_OBJC_LITERAL_CONVERSION = YES;
				CLANG_WARN_OBJC_ROOT_CLASS = YES_ERROR;
				CLANG_WARN_QUOTED_INCLUDE_IN_FRAMEWORK_HEADER = YES;
				CLANG_WARN_RANGE_LOOP_ANALYSIS = YES;
				CLANG_WARN_STRICT_PROTOTYPES = YES;
				CLANG_WARN_SUSPICIOUS_MOVE = YES;
				CLANG_WARN_UNGUARDED_AVAILABILITY = YES_AGGRESSIVE;
				CLANG_WARN_UNREACHABLE_CODE = YES;
				CLANG_WARN__DUPLICATE_METHOD_MATCH = YES;
				COPY_PHASE_STRIP = NO;
				DEBUG_INFORMATION_FORMAT = "dwarf-with-dsym";
				ENABLE_NS_ASSERTIONS = NO;
				ENABLE_STRICT_OBJC_MSGSEND = YES;
				ENABLE_USER_SCRIPT_SANDBOXING = YES;
				GCC_C_LANGUAGE_STANDARD = gnu17;
				GCC_NO_COMMON_BLOCKS = YES;
				GCC_WARN_64_TO_32_BIT_CONVERSION = YES;
				GCC_WARN_ABOUT_RETURN_TYPE = YES_ERROR;
				GCC_WARN_UNDECLARED_SELECTOR = YES;
				GCC_WARN_UNINITIALIZED_AUTOS = YES_AGGRESSIVE;
				GCC_WARN_UNUSED_FUNCTION = YES;
				GCC_WARN_UNUSED_VARIABLE = YES;
				IPHONEOS_DEPLOYMENT_TARGET = 17.5;
				LOCALIZATION_PREFERS_STRING_CATALOGS = YES;
				MTL_ENABLE_DEBUG_INFO = NO;
				MTL_FAST_MATH = YES;
				SDKROOT = iphoneos;
				SWIFT_COMPILATION_MODE = wholemodule;
				VALIDATE_PRODUCT = YES;
			};
			name = Release;
		};
		57EB9DFF2CAFADE80036E5D8 /* Debug */ = {
			isa = XCBuildConfiguration;
			baseConfigurationReference = 5719E7DB2D77D98C00C3D9B8 /* Secrets.xcconfig */;
			buildSettings = {
				ASSETCATALOG_COMPILER_APPICON_NAME = AppIcon;
				ASSETCATALOG_COMPILER_GLOBAL_ACCENT_COLOR_NAME = AccentColor;
				CODE_SIGN_STYLE = Automatic;
				CURRENT_PROJECT_VERSION = 1;
				DEVELOPMENT_TEAM = TYK28FA5FZ;
				GENERATE_INFOPLIST_FILE = YES;
				INFOPLIST_FILE = ORI/Info.plist;
				INFOPLIST_KEY_UIApplicationSupportsIndirectInputEvents = YES;
				INFOPLIST_KEY_UILaunchStoryboardName = LaunchScreen;
				INFOPLIST_KEY_UISupportedInterfaceOrientations_iPad = "UIInterfaceOrientationPortrait UIInterfaceOrientationPortraitUpsideDown UIInterfaceOrientationLandscapeLeft UIInterfaceOrientationLandscapeRight";
				INFOPLIST_KEY_UISupportedInterfaceOrientations_iPhone = "UIInterfaceOrientationPortrait UIInterfaceOrientationLandscapeLeft UIInterfaceOrientationLandscapeRight";
				IPHONEOS_DEPLOYMENT_TARGET = 16.6;
				LD_RUNPATH_SEARCH_PATHS = (
					"$(inherited)",
					"@executable_path/Frameworks",
				);
				MARKETING_VERSION = 1.0;
				PRODUCT_BUNDLE_IDENTIFIER = kr.co.ksimong.ORI;
				PRODUCT_NAME = "$(TARGET_NAME)";
				SWIFT_EMIT_LOC_STRINGS = YES;
				SWIFT_VERSION = 5.0;
				TARGETED_DEVICE_FAMILY = "1,2";
			};
			name = Debug;
		};
		57EB9E002CAFADE80036E5D8 /* Release */ = {
			isa = XCBuildConfiguration;
			baseConfigurationReference = 5719E7DB2D77D98C00C3D9B8 /* Secrets.xcconfig */;
			buildSettings = {
				ASSETCATALOG_COMPILER_APPICON_NAME = AppIcon;
				ASSETCATALOG_COMPILER_GLOBAL_ACCENT_COLOR_NAME = AccentColor;
				CODE_SIGN_STYLE = Automatic;
				CURRENT_PROJECT_VERSION = 1;
				DEVELOPMENT_TEAM = TYK28FA5FZ;
				GENERATE_INFOPLIST_FILE = YES;
				INFOPLIST_FILE = ORI/Info.plist;
				INFOPLIST_KEY_UIApplicationSupportsIndirectInputEvents = YES;
				INFOPLIST_KEY_UILaunchStoryboardName = LaunchScreen;
				INFOPLIST_KEY_UISupportedInterfaceOrientations_iPad = "UIInterfaceOrientationPortrait UIInterfaceOrientationPortraitUpsideDown UIInterfaceOrientationLandscapeLeft UIInterfaceOrientationLandscapeRight";
				INFOPLIST_KEY_UISupportedInterfaceOrientations_iPhone = "UIInterfaceOrientationPortrait UIInterfaceOrientationLandscapeLeft UIInterfaceOrientationLandscapeRight";
				IPHONEOS_DEPLOYMENT_TARGET = 16.6;
				LD_RUNPATH_SEARCH_PATHS = (
					"$(inherited)",
					"@executable_path/Frameworks",
				);
				MARKETING_VERSION = 1.0;
				PRODUCT_BUNDLE_IDENTIFIER = kr.co.ksimong.ORI;
				PRODUCT_NAME = "$(TARGET_NAME)";
				SWIFT_EMIT_LOC_STRINGS = YES;
				SWIFT_VERSION = 5.0;
				TARGETED_DEVICE_FAMILY = "1,2";
			};
			name = Release;
		};
/* End XCBuildConfiguration section */

/* Begin XCConfigurationList section */
		57EB9DE52CAFADE50036E5D8 /* Build configuration list for PBXProject "ORI" */ = {
			isa = XCConfigurationList;
			buildConfigurations = (
				57EB9DFC2CAFADE80036E5D8 /* Debug */,
				57EB9DFD2CAFADE80036E5D8 /* Release */,
			);
			defaultConfigurationIsVisible = 0;
			defaultConfigurationName = Release;
		};
		57EB9DFE2CAFADE80036E5D8 /* Build configuration list for PBXNativeTarget "ORI" */ = {
			isa = XCConfigurationList;
			buildConfigurations = (
				57EB9DFF2CAFADE80036E5D8 /* Debug */,
				57EB9E002CAFADE80036E5D8 /* Release */,
			);
			defaultConfigurationIsVisible = 0;
			defaultConfigurationName = Release;
		};
/* End XCConfigurationList section */

/* Begin XCRemoteSwiftPackageReference section */
		5760BEFC2CB8E67300A94068 /* XCRemoteSwiftPackageReference "naveridlogin-sdk-ios" */ = {
			isa = XCRemoteSwiftPackageReference;
			repositoryURL = "https://github.com/naver/naveridlogin-sdk-ios";
			requirement = {
				branch = master;
				kind = branch;
			};
		};
		5760BF002CBD087500A94068 /* XCRemoteSwiftPackageReference "keychain-swift" */ = {
			isa = XCRemoteSwiftPackageReference;
			repositoryURL = "https://github.com/evgenyneu/keychain-swift.git";
			requirement = {
				kind = upToNextMajorVersion;
				minimumVersion = 24.0.0;
			};
		};
		57EB9E162CB527960036E5D8 /* XCRemoteSwiftPackageReference "kakao-ios-sdk" */ = {
			isa = XCRemoteSwiftPackageReference;
			repositoryURL = "https://github.com/kakao/kakao-ios-sdk";
			requirement = {
				kind = upToNextMajorVersion;
				minimumVersion = 2.22.7;
			};
		};
		57EB9E272CB782D50036E5D8 /* XCRemoteSwiftPackageReference "GoogleSignIn-iOS" */ = {
			isa = XCRemoteSwiftPackageReference;
			repositoryURL = "https://github.com/google/GoogleSignIn-iOS";
			requirement = {
				kind = upToNextMajorVersion;
				minimumVersion = 8.0.0;
			};
		};
/* End XCRemoteSwiftPackageReference section */

/* Begin XCSwiftPackageProductDependency section */
		5760BEFD2CB8E67300A94068 /* NaverThirdPartyLogin */ = {
			isa = XCSwiftPackageProductDependency;
			package = 5760BEFC2CB8E67300A94068 /* XCRemoteSwiftPackageReference "naveridlogin-sdk-ios" */;
			productName = NaverThirdPartyLogin;
		};
		5760BF012CBD087500A94068 /* KeychainSwift */ = {
			isa = XCSwiftPackageProductDependency;
			package = 5760BF002CBD087500A94068 /* XCRemoteSwiftPackageReference "keychain-swift" */;
			productName = KeychainSwift;
		};
		57EB9E172CB527960036E5D8 /* KakaoSDK */ = {
			isa = XCSwiftPackageProductDependency;
			package = 57EB9E162CB527960036E5D8 /* XCRemoteSwiftPackageReference "kakao-ios-sdk" */;
			productName = KakaoSDK;
		};
		57EB9E192CB527960036E5D8 /* KakaoSDKAuth */ = {
			isa = XCSwiftPackageProductDependency;
			package = 57EB9E162CB527960036E5D8 /* XCRemoteSwiftPackageReference "kakao-ios-sdk" */;
			productName = KakaoSDKAuth;
		};
		57EB9E1B2CB527960036E5D8 /* KakaoSDKFriend */ = {
			isa = XCSwiftPackageProductDependency;
			package = 57EB9E162CB527960036E5D8 /* XCRemoteSwiftPackageReference "kakao-ios-sdk" */;
			productName = KakaoSDKFriend;
		};
		57EB9E1D2CB527960036E5D8 /* KakaoSDKFriendCore */ = {
			isa = XCSwiftPackageProductDependency;
			package = 57EB9E162CB527960036E5D8 /* XCRemoteSwiftPackageReference "kakao-ios-sdk" */;
			productName = KakaoSDKFriendCore;
		};
		57EB9E1F2CB527960036E5D8 /* KakaoSDKUser */ = {
			isa = XCSwiftPackageProductDependency;
			package = 57EB9E162CB527960036E5D8 /* XCRemoteSwiftPackageReference "kakao-ios-sdk" */;
			productName = KakaoSDKUser;
		};
		57EB9E282CB782D50036E5D8 /* GoogleSignIn */ = {
			isa = XCSwiftPackageProductDependency;
			package = 57EB9E272CB782D50036E5D8 /* XCRemoteSwiftPackageReference "GoogleSignIn-iOS" */;
			productName = GoogleSignIn;
		};
		57EB9E2A2CB782D50036E5D8 /* GoogleSignInSwift */ = {
			isa = XCSwiftPackageProductDependency;
			package = 57EB9E272CB782D50036E5D8 /* XCRemoteSwiftPackageReference "GoogleSignIn-iOS" */;
			productName = GoogleSignInSwift;
		};
/* End XCSwiftPackageProductDependency section */
	};
	rootObject = 57EB9DE22CAFADE50036E5D8 /* Project object */;
}
